// !$*UTF8*$!
{
	archiveVersion = 1;
	classes = {
	};
	objectVersion = 48;
	objects = {

/* Begin PBXBuildFile section */
		D53930082013E3B200C8D658 /* BitcoinRealTimeRate.swift in Sources */ = {isa = PBXBuildFile; fileRef = D53930072013E3B200C8D658 /* BitcoinRealTimeRate.swift */; };
		D539300D2013EAB300C8D658 /* BitcoinRateReducerTests.swift in Sources */ = {isa = PBXBuildFile; fileRef = D539300C2013EAB300C8D658 /* BitcoinRateReducerTests.swift */; };
		D539300F2013F04B00C8D658 /* Mocks.swift in Sources */ = {isa = PBXBuildFile; fileRef = D539300E2013F04B00C8D658 /* Mocks.swift */; };
		D5393011201405CB00C8D658 /* RouterReducerTests.swift in Sources */ = {isa = PBXBuildFile; fileRef = D5393010201405CB00C8D658 /* RouterReducerTests.swift */; };
		D5A467A120129459006AAB58 /* AppDelegate.swift in Sources */ = {isa = PBXBuildFile; fileRef = D5A467A020129459006AAB58 /* AppDelegate.swift */; };
		D5A467A820129459006AAB58 /* Assets.xcassets in Resources */ = {isa = PBXBuildFile; fileRef = D5A467A720129459006AAB58 /* Assets.xcassets */; };
		D5A467C6201295D2006AAB58 /* ActionAsync.swift in Sources */ = {isa = PBXBuildFile; fileRef = D5A467C2201295D2006AAB58 /* ActionAsync.swift */; };
		D5A467C7201295D2006AAB58 /* Reducer.swift in Sources */ = {isa = PBXBuildFile; fileRef = D5A467C3201295D2006AAB58 /* Reducer.swift */; };
		D5A467C8201295D2006AAB58 /* StoreBase.swift in Sources */ = {isa = PBXBuildFile; fileRef = D5A467C4201295D2006AAB58 /* StoreBase.swift */; };
		D5A467C9201295D2006AAB58 /* Action.swift in Sources */ = {isa = PBXBuildFile; fileRef = D5A467C5201295D2006AAB58 /* Action.swift */; };
		D5A467D220129711006AAB58 /* UICollectionReusableViewEx.swift in Sources */ = {isa = PBXBuildFile; fileRef = D5A467CC20129711006AAB58 /* UICollectionReusableViewEx.swift */; };
		D5A467D320129711006AAB58 /* UIViewEx.swift in Sources */ = {isa = PBXBuildFile; fileRef = D5A467CD20129711006AAB58 /* UIViewEx.swift */; };
		D5A467D420129711006AAB58 /* URLSessionTask+CancelableTask.swift in Sources */ = {isa = PBXBuildFile; fileRef = D5A467CE20129711006AAB58 /* URLSessionTask+CancelableTask.swift */; };
		D5A467D520129711006AAB58 /* UIWindowEx.swift in Sources */ = {isa = PBXBuildFile; fileRef = D5A467CF20129711006AAB58 /* UIWindowEx.swift */; };
		D5A467D620129711006AAB58 /* UIViewControllerEx.swift in Sources */ = {isa = PBXBuildFile; fileRef = D5A467D020129711006AAB58 /* UIViewControllerEx.swift */; };
		D5A467D720129711006AAB58 /* UITableViewCellEx.swift in Sources */ = {isa = PBXBuildFile; fileRef = D5A467D120129711006AAB58 /* UITableViewCellEx.swift */; };
		D5A467E520129737006AAB58 /* CancelableTask.swift in Sources */ = {isa = PBXBuildFile; fileRef = D5A467DA20129737006AAB58 /* CancelableTask.swift */; };
		D5A467E720129737006AAB58 /* Result.swift in Sources */ = {isa = PBXBuildFile; fileRef = D5A467DC20129737006AAB58 /* Result.swift */; };
		D5A467E820129737006AAB58 /* SignalProtocol.swift in Sources */ = {isa = PBXBuildFile; fileRef = D5A467DD20129737006AAB58 /* SignalProtocol.swift */; };
		D5A467E920129737006AAB58 /* Disposable.swift in Sources */ = {isa = PBXBuildFile; fileRef = D5A467DE20129737006AAB58 /* Disposable.swift */; };
		D5A467EA20129737006AAB58 /* SyncableResult.swift in Sources */ = {isa = PBXBuildFile; fileRef = D5A467DF20129737006AAB58 /* SyncableResult.swift */; };
		D5A467EB20129737006AAB58 /* Async.swift in Sources */ = {isa = PBXBuildFile; fileRef = D5A467E020129737006AAB58 /* Async.swift */; };
		D5A467EC20129737006AAB58 /* Atomic.swift in Sources */ = {isa = PBXBuildFile; fileRef = D5A467E120129737006AAB58 /* Atomic.swift */; };
		D5A467ED20129737006AAB58 /* ConfigurableCell.swift in Sources */ = {isa = PBXBuildFile; fileRef = D5A467E220129737006AAB58 /* ConfigurableCell.swift */; };
		D5A467EE20129737006AAB58 /* Signal.swift in Sources */ = {isa = PBXBuildFile; fileRef = D5A467E320129737006AAB58 /* Signal.swift */; };
		D5A467F12012A079006AAB58 /* CocoaExTests.swift in Sources */ = {isa = PBXBuildFile; fileRef = D5A467F02012A079006AAB58 /* CocoaExTests.swift */; };
		D5A467F32012A673006AAB58 /* DataStructureTests.swift in Sources */ = {isa = PBXBuildFile; fileRef = D5A467F22012A673006AAB58 /* DataStructureTests.swift */; };
		D5A467FF2012B495006AAB58 /* URLRequest.swift in Sources */ = {isa = PBXBuildFile; fileRef = D5A467FE2012B495006AAB58 /* URLRequest.swift */; };
		D5A468022012B4CE006AAB58 /* BitcoinEndpoint.swift in Sources */ = {isa = PBXBuildFile; fileRef = D5A468012012B4CE006AAB58 /* BitcoinEndpoint.swift */; };
		D5A468042012B4E8006AAB58 /* BitcoinRateAPI.swift in Sources */ = {isa = PBXBuildFile; fileRef = D5A468032012B4E7006AAB58 /* BitcoinRateAPI.swift */; };
		D5A468072012B521006AAB58 /* URLEndpoint.swift in Sources */ = {isa = PBXBuildFile; fileRef = D5A468062012B521006AAB58 /* URLEndpoint.swift */; };
		D5A468092012B535006AAB58 /* BitcoinEndpoint.URLEndpoint.swift in Sources */ = {isa = PBXBuildFile; fileRef = D5A468082012B535006AAB58 /* BitcoinEndpoint.URLEndpoint.swift */; };
		D5A4680B2012B789006AAB58 /* BitcoinEndpointTests.swift in Sources */ = {isa = PBXBuildFile; fileRef = D5A4680A2012B789006AAB58 /* BitcoinEndpointTests.swift */; };
		D5A4680D2012BCC3006AAB58 /* BitcoinAPIClient.swift in Sources */ = {isa = PBXBuildFile; fileRef = D5A4680C2012BCC3006AAB58 /* BitcoinAPIClient.swift */; };
		D5A4680F2012BD51006AAB58 /* IntegrationBitcoinAPIClientTests.swift in Sources */ = {isa = PBXBuildFile; fileRef = D5A4680E2012BD51006AAB58 /* IntegrationBitcoinAPIClientTests.swift */; };
		D5A468122012C2A3006AAB58 /* JsonParser.swift in Sources */ = {isa = PBXBuildFile; fileRef = D5A468112012C2A3006AAB58 /* JsonParser.swift */; };
		D5A468152012C2CE006AAB58 /* JsonParserTests.swift in Sources */ = {isa = PBXBuildFile; fileRef = D5A468142012C2CE006AAB58 /* JsonParserTests.swift */; };
		D5A468182012C8F7006AAB58 /* RealTimeResponse.swift in Sources */ = {isa = PBXBuildFile; fileRef = D5A468172012C8F7006AAB58 /* RealTimeResponse.swift */; };
		D5A4681A2012C92B006AAB58 /* Currency.swift in Sources */ = {isa = PBXBuildFile; fileRef = D5A468192012C92B006AAB58 /* Currency.swift */; };
		D5A4681C2012C947006AAB58 /* Rate.swift in Sources */ = {isa = PBXBuildFile; fileRef = D5A4681B2012C947006AAB58 /* Rate.swift */; };
		D5A4681E2012C955006AAB58 /* HistoricalResponse.swift in Sources */ = {isa = PBXBuildFile; fileRef = D5A4681D2012C955006AAB58 /* HistoricalResponse.swift */; };
		D5A468202012C97E006AAB58 /* DateEx.swift in Sources */ = {isa = PBXBuildFile; fileRef = D5A4681F2012C97E006AAB58 /* DateEx.swift */; };
		D5A468232012C9CB006AAB58 /* RealTimeResponse.Codable.swift in Sources */ = {isa = PBXBuildFile; fileRef = D5A468222012C9CB006AAB58 /* RealTimeResponse.Codable.swift */; };
		D5A468252012CA08006AAB58 /* HistoricalResponse.Codable.swift in Sources */ = {isa = PBXBuildFile; fileRef = D5A468242012CA08006AAB58 /* HistoricalResponse.Codable.swift */; };
		D5A468282012CB68006AAB58 /* ModelTests.swift in Sources */ = {isa = PBXBuildFile; fileRef = D5A468272012CB68006AAB58 /* ModelTests.swift */; };
		D5A4682B2012D0B8006AAB58 /* ModelSerializationTests.swift in Sources */ = {isa = PBXBuildFile; fileRef = D5A4682A2012D0B8006AAB58 /* ModelSerializationTests.swift */; };
		D5A4683120135BC8006AAB58 /* Store.swift in Sources */ = {isa = PBXBuildFile; fileRef = D5A4683020135BC8006AAB58 /* Store.swift */; };
		D5A4683320135BFB006AAB58 /* StateProvider.swift in Sources */ = {isa = PBXBuildFile; fileRef = D5A4683220135BFB006AAB58 /* StateProvider.swift */; };
		D5A4683520135C49006AAB58 /* AppState.swift in Sources */ = {isa = PBXBuildFile; fileRef = D5A4683420135C49006AAB58 /* AppState.swift */; };
		D5A4683720135C79006AAB58 /* EntryPointReducer.swift in Sources */ = {isa = PBXBuildFile; fileRef = D5A4683620135C79006AAB58 /* EntryPointReducer.swift */; };
		D5A4683B20135D6F006AAB58 /* RouterReducer.swift in Sources */ = {isa = PBXBuildFile; fileRef = D5A4683A20135D6F006AAB58 /* RouterReducer.swift */; };
		D5A4683D20135DD4006AAB58 /* NavigationState.swift in Sources */ = {isa = PBXBuildFile; fileRef = D5A4683C20135DD4006AAB58 /* NavigationState.swift */; };
		D5A4683F20135DED006AAB58 /* NavigationRoute.swift in Sources */ = {isa = PBXBuildFile; fileRef = D5A4683E20135DED006AAB58 /* NavigationRoute.swift */; };
		D5A4684120135E14006AAB58 /* NavigationTree.swift in Sources */ = {isa = PBXBuildFile; fileRef = D5A4684020135E14006AAB58 /* NavigationTree.swift */; };
		D5A4684320135F96006AAB58 /* RouterAction.swift in Sources */ = {isa = PBXBuildFile; fileRef = D5A4684220135F96006AAB58 /* RouterAction.swift */; };
		D5A4684620136664006AAB58 /* InjectorProtocol.swift in Sources */ = {isa = PBXBuildFile; fileRef = D5A4684520136664006AAB58 /* InjectorProtocol.swift */; };
		D5A46848201366A3006AAB58 /* Injector.swift in Sources */ = {isa = PBXBuildFile; fileRef = D5A46847201366A3006AAB58 /* Injector.swift */; };
		D5A4684A201366D3006AAB58 /* Mapper.swift in Sources */ = {isa = PBXBuildFile; fileRef = D5A46849201366D3006AAB58 /* Mapper.swift */; };
		D5A4684C201366EE006AAB58 /* ConstructorType.swift in Sources */ = {isa = PBXBuildFile; fileRef = D5A4684B201366EE006AAB58 /* ConstructorType.swift */; };
		D5A4684E2013675F006AAB58 /* DefaultMapResolver.swift in Sources */ = {isa = PBXBuildFile; fileRef = D5A4684D2013675F006AAB58 /* DefaultMapResolver.swift */; };
		D5A468512013684E006AAB58 /* InjectorServices.swift in Sources */ = {isa = PBXBuildFile; fileRef = D5A468502013684E006AAB58 /* InjectorServices.swift */; };
		D5A4685320136ABF006AAB58 /* NavigationActionRequest.swift in Sources */ = {isa = PBXBuildFile; fileRef = D5A4685220136ABF006AAB58 /* NavigationActionRequest.swift */; };
		D5A4685520136AFE006AAB58 /* KnownRoute.swift in Sources */ = {isa = PBXBuildFile; fileRef = D5A4685420136AFE006AAB58 /* KnownRoute.swift */; };
		D5A4685820136D68006AAB58 /* BootstrapRequest.swift in Sources */ = {isa = PBXBuildFile; fileRef = D5A4685720136D68006AAB58 /* BootstrapRequest.swift */; };
		D5A4685A20136DE7006AAB58 /* Theme.swift in Sources */ = {isa = PBXBuildFile; fileRef = D5A4685920136DE7006AAB58 /* Theme.swift */; };
		D5A4685D20136F25006AAB58 /* HistoricalView.xib in Resources */ = {isa = PBXBuildFile; fileRef = D5A4685C20136F25006AAB58 /* HistoricalView.xib */; };
		D5A4685F20136F35006AAB58 /* HistoricalView.swift in Sources */ = {isa = PBXBuildFile; fileRef = D5A4685E20136F35006AAB58 /* HistoricalView.swift */; };
		D5A4686120136F5F006AAB58 /* HistoricalViewController.swift in Sources */ = {isa = PBXBuildFile; fileRef = D5A4686020136F5F006AAB58 /* HistoricalViewController.swift */; };
		D5A4686320137055006AAB58 /* Startable.swift in Sources */ = {isa = PBXBuildFile; fileRef = D5A4686220137055006AAB58 /* Startable.swift */; };
		D5A46865201370B6006AAB58 /* HistoricalDataSource.swift in Sources */ = {isa = PBXBuildFile; fileRef = D5A46864201370B6006AAB58 /* HistoricalDataSource.swift */; };
		D5A4686720137201006AAB58 /* HistoricalViewModel.swift in Sources */ = {isa = PBXBuildFile; fileRef = D5A4686620137201006AAB58 /* HistoricalViewModel.swift */; };
		D5A46869201374FB006AAB58 /* ArrayEx.swift in Sources */ = {isa = PBXBuildFile; fileRef = D5A46868201374FB006AAB58 /* ArrayEx.swift */; };
		D5A4686B201377D1006AAB58 /* HistoricalRecordTableViewCell.swift in Sources */ = {isa = PBXBuildFile; fileRef = D5A4686A201377D1006AAB58 /* HistoricalRecordTableViewCell.swift */; };
		D5A4686D201377F7006AAB58 /* HistoricalRecordTableViewCell.xib in Resources */ = {isa = PBXBuildFile; fileRef = D5A4686C201377F7006AAB58 /* HistoricalRecordTableViewCell.xib */; };
		D5A4686F20137D23006AAB58 /* BitcoinState.swift in Sources */ = {isa = PBXBuildFile; fileRef = D5A4686E20137D23006AAB58 /* BitcoinState.swift */; };
		D5A4687120137DD0006AAB58 /* BitcoinHistoricalRate.swift in Sources */ = {isa = PBXBuildFile; fileRef = D5A4687020137DD0006AAB58 /* BitcoinHistoricalRate.swift */; };
		D5A4687320138777006AAB58 /* BitcoinRateRequest.swift in Sources */ = {isa = PBXBuildFile; fileRef = D5A4687220138777006AAB58 /* BitcoinRateRequest.swift */; };
		D5A4687520138B02006AAB58 /* BitcoinRateAction.swift in Sources */ = {isa = PBXBuildFile; fileRef = D5A4687420138B02006AAB58 /* BitcoinRateAction.swift */; };
		D5A4687720139CCA006AAB58 /* SplashView.xib in Resources */ = {isa = PBXBuildFile; fileRef = D5A4687620139CCA006AAB58 /* SplashView.xib */; };
		D5A4687920139E2C006AAB58 /* BitcoinRateReducer.swift in Sources */ = {isa = PBXBuildFile; fileRef = D5A4687820139E2C006AAB58 /* BitcoinRateReducer.swift */; };
		D5F6CD7B2013B7450005E972 /* AppDelegateTests.swift in Sources */ = {isa = PBXBuildFile; fileRef = D5F6CD7A2013B7450005E972 /* AppDelegateTests.swift */; };
		D5F6CD842013CC9A0005E972 /* UnitTest.swift in Sources */ = {isa = PBXBuildFile; fileRef = D5F6CD832013CC9A0005E972 /* UnitTest.swift */; };
		D5F6CD882013CF2C0005E972 /* main.swift in Sources */ = {isa = PBXBuildFile; fileRef = D5F6CD872013CF2C0005E972 /* main.swift */; };
		D5F6CD8A2013D5B20005E972 /* ThemeTests.swift in Sources */ = {isa = PBXBuildFile; fileRef = D5F6CD892013D5B20005E972 /* ThemeTests.swift */; };
/* End PBXBuildFile section */

/* Begin PBXContainerItemProxy section */
		D5A467B220129459006AAB58 /* PBXContainerItemProxy */ = {
			isa = PBXContainerItemProxy;
			containerPortal = D5A4679520129459006AAB58 /* Project object */;
			proxyType = 1;
			remoteGlobalIDString = D5A4679C20129459006AAB58;
			remoteInfo = N26;
		};
/* End PBXContainerItemProxy section */

/* Begin PBXFileReference section */
		D53930072013E3B200C8D658 /* BitcoinRealTimeRate.swift */ = {isa = PBXFileReference; lastKnownFileType = sourcecode.swift; path = BitcoinRealTimeRate.swift; sourceTree = "<group>"; };
		D539300C2013EAB300C8D658 /* BitcoinRateReducerTests.swift */ = {isa = PBXFileReference; lastKnownFileType = sourcecode.swift; path = BitcoinRateReducerTests.swift; sourceTree = "<group>"; };
		D539300E2013F04B00C8D658 /* Mocks.swift */ = {isa = PBXFileReference; lastKnownFileType = sourcecode.swift; path = Mocks.swift; sourceTree = "<group>"; };
		D5393010201405CB00C8D658 /* RouterReducerTests.swift */ = {isa = PBXFileReference; lastKnownFileType = sourcecode.swift; path = RouterReducerTests.swift; sourceTree = "<group>"; };
		D5A4679D20129459006AAB58 /* N26.app */ = {isa = PBXFileReference; explicitFileType = wrapper.application; includeInIndex = 0; path = N26.app; sourceTree = BUILT_PRODUCTS_DIR; };
		D5A467A020129459006AAB58 /* AppDelegate.swift */ = {isa = PBXFileReference; lastKnownFileType = sourcecode.swift; path = AppDelegate.swift; sourceTree = "<group>"; };
		D5A467A720129459006AAB58 /* Assets.xcassets */ = {isa = PBXFileReference; lastKnownFileType = folder.assetcatalog; path = Assets.xcassets; sourceTree = "<group>"; };
		D5A467AC20129459006AAB58 /* Info.plist */ = {isa = PBXFileReference; lastKnownFileType = text.plist.xml; path = Info.plist; sourceTree = "<group>"; };
		D5A467B120129459006AAB58 /* N26Tests.xctest */ = {isa = PBXFileReference; explicitFileType = wrapper.cfbundle; includeInIndex = 0; path = N26Tests.xctest; sourceTree = BUILT_PRODUCTS_DIR; };
		D5A467B720129459006AAB58 /* Info.plist */ = {isa = PBXFileReference; lastKnownFileType = text.plist.xml; path = Info.plist; sourceTree = "<group>"; };
		D5A467C2201295D2006AAB58 /* ActionAsync.swift */ = {isa = PBXFileReference; fileEncoding = 4; lastKnownFileType = sourcecode.swift; path = ActionAsync.swift; sourceTree = "<group>"; };
		D5A467C3201295D2006AAB58 /* Reducer.swift */ = {isa = PBXFileReference; fileEncoding = 4; lastKnownFileType = sourcecode.swift; path = Reducer.swift; sourceTree = "<group>"; };
		D5A467C4201295D2006AAB58 /* StoreBase.swift */ = {isa = PBXFileReference; fileEncoding = 4; lastKnownFileType = sourcecode.swift; path = StoreBase.swift; sourceTree = "<group>"; };
		D5A467C5201295D2006AAB58 /* Action.swift */ = {isa = PBXFileReference; fileEncoding = 4; lastKnownFileType = sourcecode.swift; path = Action.swift; sourceTree = "<group>"; };
		D5A467CC20129711006AAB58 /* UICollectionReusableViewEx.swift */ = {isa = PBXFileReference; fileEncoding = 4; lastKnownFileType = sourcecode.swift; path = UICollectionReusableViewEx.swift; sourceTree = "<group>"; };
		D5A467CD20129711006AAB58 /* UIViewEx.swift */ = {isa = PBXFileReference; fileEncoding = 4; lastKnownFileType = sourcecode.swift; path = UIViewEx.swift; sourceTree = "<group>"; };
		D5A467CE20129711006AAB58 /* URLSessionTask+CancelableTask.swift */ = {isa = PBXFileReference; fileEncoding = 4; lastKnownFileType = sourcecode.swift; path = "URLSessionTask+CancelableTask.swift"; sourceTree = "<group>"; };
		D5A467CF20129711006AAB58 /* UIWindowEx.swift */ = {isa = PBXFileReference; fileEncoding = 4; lastKnownFileType = sourcecode.swift; path = UIWindowEx.swift; sourceTree = "<group>"; };
		D5A467D020129711006AAB58 /* UIViewControllerEx.swift */ = {isa = PBXFileReference; fileEncoding = 4; lastKnownFileType = sourcecode.swift; path = UIViewControllerEx.swift; sourceTree = "<group>"; };
		D5A467D120129711006AAB58 /* UITableViewCellEx.swift */ = {isa = PBXFileReference; fileEncoding = 4; lastKnownFileType = sourcecode.swift; path = UITableViewCellEx.swift; sourceTree = "<group>"; };
		D5A467DA20129737006AAB58 /* CancelableTask.swift */ = {isa = PBXFileReference; fileEncoding = 4; lastKnownFileType = sourcecode.swift; path = CancelableTask.swift; sourceTree = "<group>"; };
		D5A467DC20129737006AAB58 /* Result.swift */ = {isa = PBXFileReference; fileEncoding = 4; lastKnownFileType = sourcecode.swift; path = Result.swift; sourceTree = "<group>"; };
		D5A467DD20129737006AAB58 /* SignalProtocol.swift */ = {isa = PBXFileReference; fileEncoding = 4; lastKnownFileType = sourcecode.swift; path = SignalProtocol.swift; sourceTree = "<group>"; };
		D5A467DE20129737006AAB58 /* Disposable.swift */ = {isa = PBXFileReference; fileEncoding = 4; lastKnownFileType = sourcecode.swift; path = Disposable.swift; sourceTree = "<group>"; };
		D5A467DF20129737006AAB58 /* SyncableResult.swift */ = {isa = PBXFileReference; fileEncoding = 4; lastKnownFileType = sourcecode.swift; path = SyncableResult.swift; sourceTree = "<group>"; };
		D5A467E020129737006AAB58 /* Async.swift */ = {isa = PBXFileReference; fileEncoding = 4; lastKnownFileType = sourcecode.swift; path = Async.swift; sourceTree = "<group>"; };
		D5A467E120129737006AAB58 /* Atomic.swift */ = {isa = PBXFileReference; fileEncoding = 4; lastKnownFileType = sourcecode.swift; path = Atomic.swift; sourceTree = "<group>"; };
		D5A467E220129737006AAB58 /* ConfigurableCell.swift */ = {isa = PBXFileReference; fileEncoding = 4; lastKnownFileType = sourcecode.swift; path = ConfigurableCell.swift; sourceTree = "<group>"; };
		D5A467E320129737006AAB58 /* Signal.swift */ = {isa = PBXFileReference; fileEncoding = 4; lastKnownFileType = sourcecode.swift; path = Signal.swift; sourceTree = "<group>"; };
		D5A467F02012A079006AAB58 /* CocoaExTests.swift */ = {isa = PBXFileReference; lastKnownFileType = sourcecode.swift; path = CocoaExTests.swift; sourceTree = "<group>"; };
		D5A467F22012A673006AAB58 /* DataStructureTests.swift */ = {isa = PBXFileReference; lastKnownFileType = sourcecode.swift; path = DataStructureTests.swift; sourceTree = "<group>"; };
		D5A467FE2012B495006AAB58 /* URLRequest.swift */ = {isa = PBXFileReference; lastKnownFileType = sourcecode.swift; path = URLRequest.swift; sourceTree = "<group>"; };
		D5A468012012B4CE006AAB58 /* BitcoinEndpoint.swift */ = {isa = PBXFileReference; lastKnownFileType = sourcecode.swift; path = BitcoinEndpoint.swift; sourceTree = "<group>"; };
		D5A468032012B4E7006AAB58 /* BitcoinRateAPI.swift */ = {isa = PBXFileReference; lastKnownFileType = sourcecode.swift; path = BitcoinRateAPI.swift; sourceTree = "<group>"; };
		D5A468062012B521006AAB58 /* URLEndpoint.swift */ = {isa = PBXFileReference; lastKnownFileType = sourcecode.swift; path = URLEndpoint.swift; sourceTree = "<group>"; };
		D5A468082012B535006AAB58 /* BitcoinEndpoint.URLEndpoint.swift */ = {isa = PBXFileReference; lastKnownFileType = sourcecode.swift; path = BitcoinEndpoint.URLEndpoint.swift; sourceTree = "<group>"; };
		D5A4680A2012B789006AAB58 /* BitcoinEndpointTests.swift */ = {isa = PBXFileReference; lastKnownFileType = sourcecode.swift; path = BitcoinEndpointTests.swift; sourceTree = "<group>"; };
		D5A4680C2012BCC3006AAB58 /* BitcoinAPIClient.swift */ = {isa = PBXFileReference; lastKnownFileType = sourcecode.swift; path = BitcoinAPIClient.swift; sourceTree = "<group>"; };
		D5A4680E2012BD51006AAB58 /* IntegrationBitcoinAPIClientTests.swift */ = {isa = PBXFileReference; lastKnownFileType = sourcecode.swift; path = IntegrationBitcoinAPIClientTests.swift; sourceTree = "<group>"; };
		D5A468112012C2A3006AAB58 /* JsonParser.swift */ = {isa = PBXFileReference; lastKnownFileType = sourcecode.swift; path = JsonParser.swift; sourceTree = "<group>"; };
		D5A468142012C2CE006AAB58 /* JsonParserTests.swift */ = {isa = PBXFileReference; lastKnownFileType = sourcecode.swift; path = JsonParserTests.swift; sourceTree = "<group>"; };
		D5A468172012C8F7006AAB58 /* RealTimeResponse.swift */ = {isa = PBXFileReference; lastKnownFileType = sourcecode.swift; path = RealTimeResponse.swift; sourceTree = "<group>"; };
		D5A468192012C92B006AAB58 /* Currency.swift */ = {isa = PBXFileReference; lastKnownFileType = sourcecode.swift; path = Currency.swift; sourceTree = "<group>"; };
		D5A4681B2012C947006AAB58 /* Rate.swift */ = {isa = PBXFileReference; lastKnownFileType = sourcecode.swift; path = Rate.swift; sourceTree = "<group>"; };
		D5A4681D2012C955006AAB58 /* HistoricalResponse.swift */ = {isa = PBXFileReference; lastKnownFileType = sourcecode.swift; path = HistoricalResponse.swift; sourceTree = "<group>"; };
		D5A4681F2012C97E006AAB58 /* DateEx.swift */ = {isa = PBXFileReference; lastKnownFileType = sourcecode.swift; path = DateEx.swift; sourceTree = "<group>"; };
		D5A468222012C9CB006AAB58 /* RealTimeResponse.Codable.swift */ = {isa = PBXFileReference; lastKnownFileType = sourcecode.swift; path = RealTimeResponse.Codable.swift; sourceTree = "<group>"; };
		D5A468242012CA08006AAB58 /* HistoricalResponse.Codable.swift */ = {isa = PBXFileReference; lastKnownFileType = sourcecode.swift; path = HistoricalResponse.Codable.swift; sourceTree = "<group>"; };
		D5A468272012CB68006AAB58 /* ModelTests.swift */ = {isa = PBXFileReference; lastKnownFileType = sourcecode.swift; path = ModelTests.swift; sourceTree = "<group>"; };
		D5A4682A2012D0B8006AAB58 /* ModelSerializationTests.swift */ = {isa = PBXFileReference; lastKnownFileType = sourcecode.swift; path = ModelSerializationTests.swift; sourceTree = "<group>"; };
		D5A4683020135BC8006AAB58 /* Store.swift */ = {isa = PBXFileReference; lastKnownFileType = sourcecode.swift; path = Store.swift; sourceTree = "<group>"; };
		D5A4683220135BFB006AAB58 /* StateProvider.swift */ = {isa = PBXFileReference; lastKnownFileType = sourcecode.swift; path = StateProvider.swift; sourceTree = "<group>"; };
		D5A4683420135C49006AAB58 /* AppState.swift */ = {isa = PBXFileReference; lastKnownFileType = sourcecode.swift; path = AppState.swift; sourceTree = "<group>"; };
		D5A4683620135C79006AAB58 /* EntryPointReducer.swift */ = {isa = PBXFileReference; lastKnownFileType = sourcecode.swift; path = EntryPointReducer.swift; sourceTree = "<group>"; };
		D5A4683A20135D6F006AAB58 /* RouterReducer.swift */ = {isa = PBXFileReference; lastKnownFileType = sourcecode.swift; path = RouterReducer.swift; sourceTree = "<group>"; };
		D5A4683C20135DD4006AAB58 /* NavigationState.swift */ = {isa = PBXFileReference; lastKnownFileType = sourcecode.swift; path = NavigationState.swift; sourceTree = "<group>"; };
		D5A4683E20135DED006AAB58 /* NavigationRoute.swift */ = {isa = PBXFileReference; lastKnownFileType = sourcecode.swift; path = NavigationRoute.swift; sourceTree = "<group>"; };
		D5A4684020135E14006AAB58 /* NavigationTree.swift */ = {isa = PBXFileReference; lastKnownFileType = sourcecode.swift; path = NavigationTree.swift; sourceTree = "<group>"; };
		D5A4684220135F96006AAB58 /* RouterAction.swift */ = {isa = PBXFileReference; lastKnownFileType = sourcecode.swift; path = RouterAction.swift; sourceTree = "<group>"; };
		D5A4684520136664006AAB58 /* InjectorProtocol.swift */ = {isa = PBXFileReference; lastKnownFileType = sourcecode.swift; path = InjectorProtocol.swift; sourceTree = "<group>"; };
		D5A46847201366A3006AAB58 /* Injector.swift */ = {isa = PBXFileReference; lastKnownFileType = sourcecode.swift; path = Injector.swift; sourceTree = "<group>"; };
		D5A46849201366D3006AAB58 /* Mapper.swift */ = {isa = PBXFileReference; lastKnownFileType = sourcecode.swift; path = Mapper.swift; sourceTree = "<group>"; };
		D5A4684B201366EE006AAB58 /* ConstructorType.swift */ = {isa = PBXFileReference; lastKnownFileType = sourcecode.swift; path = ConstructorType.swift; sourceTree = "<group>"; };
		D5A4684D2013675F006AAB58 /* DefaultMapResolver.swift */ = {isa = PBXFileReference; lastKnownFileType = sourcecode.swift; path = DefaultMapResolver.swift; sourceTree = "<group>"; };
		D5A468502013684E006AAB58 /* InjectorServices.swift */ = {isa = PBXFileReference; lastKnownFileType = sourcecode.swift; path = InjectorServices.swift; sourceTree = "<group>"; };
		D5A4685220136ABF006AAB58 /* NavigationActionRequest.swift */ = {isa = PBXFileReference; lastKnownFileType = sourcecode.swift; path = NavigationActionRequest.swift; sourceTree = "<group>"; };
		D5A4685420136AFE006AAB58 /* KnownRoute.swift */ = {isa = PBXFileReference; lastKnownFileType = sourcecode.swift; path = KnownRoute.swift; sourceTree = "<group>"; };
		D5A4685720136D68006AAB58 /* BootstrapRequest.swift */ = {isa = PBXFileReference; lastKnownFileType = sourcecode.swift; path = BootstrapRequest.swift; sourceTree = "<group>"; };
		D5A4685920136DE7006AAB58 /* Theme.swift */ = {isa = PBXFileReference; lastKnownFileType = sourcecode.swift; path = Theme.swift; sourceTree = "<group>"; };
		D5A4685C20136F25006AAB58 /* HistoricalView.xib */ = {isa = PBXFileReference; lastKnownFileType = file.xib; path = HistoricalView.xib; sourceTree = "<group>"; };
		D5A4685E20136F35006AAB58 /* HistoricalView.swift */ = {isa = PBXFileReference; lastKnownFileType = sourcecode.swift; path = HistoricalView.swift; sourceTree = "<group>"; };
		D5A4686020136F5F006AAB58 /* HistoricalViewController.swift */ = {isa = PBXFileReference; lastKnownFileType = sourcecode.swift; path = HistoricalViewController.swift; sourceTree = "<group>"; };
		D5A4686220137055006AAB58 /* Startable.swift */ = {isa = PBXFileReference; lastKnownFileType = sourcecode.swift; path = Startable.swift; sourceTree = "<group>"; };
		D5A46864201370B6006AAB58 /* HistoricalDataSource.swift */ = {isa = PBXFileReference; lastKnownFileType = sourcecode.swift; path = HistoricalDataSource.swift; sourceTree = "<group>"; };
		D5A4686620137201006AAB58 /* HistoricalViewModel.swift */ = {isa = PBXFileReference; lastKnownFileType = sourcecode.swift; path = HistoricalViewModel.swift; sourceTree = "<group>"; };
		D5A46868201374FB006AAB58 /* ArrayEx.swift */ = {isa = PBXFileReference; lastKnownFileType = sourcecode.swift; path = ArrayEx.swift; sourceTree = "<group>"; };
		D5A4686A201377D1006AAB58 /* HistoricalRecordTableViewCell.swift */ = {isa = PBXFileReference; lastKnownFileType = sourcecode.swift; path = HistoricalRecordTableViewCell.swift; sourceTree = "<group>"; };
		D5A4686C201377F7006AAB58 /* HistoricalRecordTableViewCell.xib */ = {isa = PBXFileReference; lastKnownFileType = file.xib; path = HistoricalRecordTableViewCell.xib; sourceTree = "<group>"; };
		D5A4686E20137D23006AAB58 /* BitcoinState.swift */ = {isa = PBXFileReference; lastKnownFileType = sourcecode.swift; path = BitcoinState.swift; sourceTree = "<group>"; };
		D5A4687020137DD0006AAB58 /* BitcoinHistoricalRate.swift */ = {isa = PBXFileReference; lastKnownFileType = sourcecode.swift; path = BitcoinHistoricalRate.swift; sourceTree = "<group>"; };
		D5A4687220138777006AAB58 /* BitcoinRateRequest.swift */ = {isa = PBXFileReference; lastKnownFileType = sourcecode.swift; path = BitcoinRateRequest.swift; sourceTree = "<group>"; };
		D5A4687420138B02006AAB58 /* BitcoinRateAction.swift */ = {isa = PBXFileReference; lastKnownFileType = sourcecode.swift; path = BitcoinRateAction.swift; sourceTree = "<group>"; };
		D5A4687620139CCA006AAB58 /* SplashView.xib */ = {isa = PBXFileReference; lastKnownFileType = file.xib; path = SplashView.xib; sourceTree = "<group>"; };
		D5A4687820139E2C006AAB58 /* BitcoinRateReducer.swift */ = {isa = PBXFileReference; lastKnownFileType = sourcecode.swift; path = BitcoinRateReducer.swift; sourceTree = "<group>"; };
		D5F6CD7A2013B7450005E972 /* AppDelegateTests.swift */ = {isa = PBXFileReference; lastKnownFileType = sourcecode.swift; path = AppDelegateTests.swift; sourceTree = "<group>"; };
		D5F6CD832013CC9A0005E972 /* UnitTest.swift */ = {isa = PBXFileReference; lastKnownFileType = sourcecode.swift; path = UnitTest.swift; sourceTree = "<group>"; };
		D5F6CD872013CF2C0005E972 /* main.swift */ = {isa = PBXFileReference; lastKnownFileType = sourcecode.swift; path = main.swift; sourceTree = "<group>"; };
		D5F6CD892013D5B20005E972 /* ThemeTests.swift */ = {isa = PBXFileReference; lastKnownFileType = sourcecode.swift; path = ThemeTests.swift; sourceTree = "<group>"; };
/* End PBXFileReference section */

/* Begin PBXFrameworksBuildPhase section */
		D5A4679A20129459006AAB58 /* Frameworks */ = {
			isa = PBXFrameworksBuildPhase;
			buildActionMask = 2147483647;
			files = (
			);
			runOnlyForDeploymentPostprocessing = 0;
		};
		D5A467AE20129459006AAB58 /* Frameworks */ = {
			isa = PBXFrameworksBuildPhase;
			buildActionMask = 2147483647;
			files = (
			);
			runOnlyForDeploymentPostprocessing = 0;
		};
/* End PBXFrameworksBuildPhase section */

/* Begin PBXGroup section */
		D53930092013EA4900C8D658 /* State */ = {
			isa = PBXGroup;
			children = (
				D539300C2013EAB300C8D658 /* BitcoinRateReducerTests.swift */,
				D5393010201405CB00C8D658 /* RouterReducerTests.swift */,
			);
			path = State;
			sourceTree = "<group>";
		};
		D5A4679420129459006AAB58 = {
			isa = PBXGroup;
			children = (
				D5A4679F20129459006AAB58 /* N26 */,
				D5A467B420129459006AAB58 /* N26Tests */,
				D5A4679E20129459006AAB58 /* Products */,
			);
			sourceTree = "<group>";
		};
		D5A4679E20129459006AAB58 /* Products */ = {
			isa = PBXGroup;
			children = (
				D5A4679D20129459006AAB58 /* N26.app */,
				D5A467B120129459006AAB58 /* N26Tests.xctest */,
			);
			name = Products;
			sourceTree = "<group>";
		};
		D5A4679F20129459006AAB58 /* N26 */ = {
			isa = PBXGroup;
			children = (
				D5A467C0201294E4006AAB58 /* Bootstrap */,
				D5A467C120129593006AAB58 /* Common */,
				D5A468162012C8CB006AAB58 /* Model */,
				D5A468002012B4B5006AAB58 /* Service */,
				D5A4682C20135AFC006AAB58 /* State */,
				D5A4685B20136EC2006AAB58 /* UI */,
			);
			path = N26;
			sourceTree = "<group>";
		};
		D5A467B420129459006AAB58 /* N26Tests */ = {
			isa = PBXGroup;
			children = (
				D5A467B720129459006AAB58 /* Info.plist */,
				D5F6CD792013B7210005E972 /* Bootstrap */,
				D5A467EF2012A06A006AAB58 /* Common */,
				D5A468262012CB59006AAB58 /* Model */,
				D5A467F42012B2CF006AAB58 /* Service */,
				D53930092013EA4900C8D658 /* State */,
				D5F6CD822013CC860005E972 /* TestHelper */,
			);
			path = N26Tests;
			sourceTree = "<group>";
		};
		D5A467C0201294E4006AAB58 /* Bootstrap */ = {
			isa = PBXGroup;
			children = (
				D5A467A720129459006AAB58 /* Assets.xcassets */,
				D5A467AC20129459006AAB58 /* Info.plist */,
				D5A467A020129459006AAB58 /* AppDelegate.swift */,
				D5A4685920136DE7006AAB58 /* Theme.swift */,
				D5A4687620139CCA006AAB58 /* SplashView.xib */,
				D5F6CD872013CF2C0005E972 /* main.swift */,
			);
			path = Bootstrap;
			sourceTree = "<group>";
		};
		D5A467C120129593006AAB58 /* Common */ = {
			isa = PBXGroup;
			children = (
				D5A467CB20129697006AAB58 /* CocoaEx */,
				D5A467D820129737006AAB58 /* DataStructures */,
				D5A4684F201367C0006AAB58 /* DependencyInjection */,
				D5A467CA201295F8006AAB58 /* Redux */,
			);
			path = Common;
			sourceTree = "<group>";
		};
		D5A467CA201295F8006AAB58 /* Redux */ = {
			isa = PBXGroup;
			children = (
				D5A467C5201295D2006AAB58 /* Action.swift */,
				D5A467C2201295D2006AAB58 /* ActionAsync.swift */,
				D5A467C3201295D2006AAB58 /* Reducer.swift */,
				D5A467C4201295D2006AAB58 /* StoreBase.swift */,
			);
			path = Redux;
			sourceTree = "<group>";
		};
		D5A467CB20129697006AAB58 /* CocoaEx */ = {
			isa = PBXGroup;
			children = (
				D5A46868201374FB006AAB58 /* ArrayEx.swift */,
				D5A4681F2012C97E006AAB58 /* DateEx.swift */,
				D5A4686220137055006AAB58 /* Startable.swift */,
				D5A467CC20129711006AAB58 /* UICollectionReusableViewEx.swift */,
				D5A467D120129711006AAB58 /* UITableViewCellEx.swift */,
				D5A467D020129711006AAB58 /* UIViewControllerEx.swift */,
				D5A467CD20129711006AAB58 /* UIViewEx.swift */,
				D5A467CF20129711006AAB58 /* UIWindowEx.swift */,
				D5A467FE2012B495006AAB58 /* URLRequest.swift */,
				D5A467CE20129711006AAB58 /* URLSessionTask+CancelableTask.swift */,
			);
			path = CocoaEx;
			sourceTree = "<group>";
		};
		D5A467D820129737006AAB58 /* DataStructures */ = {
			isa = PBXGroup;
			children = (
				D5A467E020129737006AAB58 /* Async.swift */,
				D5A467E120129737006AAB58 /* Atomic.swift */,
				D5A467DA20129737006AAB58 /* CancelableTask.swift */,
				D5A467E220129737006AAB58 /* ConfigurableCell.swift */,
				D5A467DE20129737006AAB58 /* Disposable.swift */,
				D5A467DC20129737006AAB58 /* Result.swift */,
				D5A467E320129737006AAB58 /* Signal.swift */,
				D5A467DD20129737006AAB58 /* SignalProtocol.swift */,
				D5A467DF20129737006AAB58 /* SyncableResult.swift */,
			);
			path = DataStructures;
			sourceTree = "<group>";
		};
		D5A467EF2012A06A006AAB58 /* Common */ = {
			isa = PBXGroup;
			children = (
				D5A467F02012A079006AAB58 /* CocoaExTests.swift */,
				D5A467F22012A673006AAB58 /* DataStructureTests.swift */,
			);
			path = Common;
			sourceTree = "<group>";
		};
		D5A467F42012B2CF006AAB58 /* Service */ = {
			isa = PBXGroup;
			children = (
				D5A468132012C2C1006AAB58 /* Json */,
				D5A467F92012B346006AAB58 /* WebClient */,
			);
			path = Service;
			sourceTree = "<group>";
		};
		D5A467F92012B346006AAB58 /* WebClient */ = {
			isa = PBXGroup;
			children = (
				D5A4680E2012BD51006AAB58 /* IntegrationBitcoinAPIClientTests.swift */,
				D5A4680A2012B789006AAB58 /* BitcoinEndpointTests.swift */,
			);
			path = WebClient;
			sourceTree = "<group>";
		};
		D5A468002012B4B5006AAB58 /* Service */ = {
			isa = PBXGroup;
			children = (
				D5A468442013664D006AAB58 /* DependencyInjection */,
				D5A468102012C297006AAB58 /* Json */,
				D5A468052012B501006AAB58 /* WebClient */,
				D5A468012012B4CE006AAB58 /* BitcoinEndpoint.swift */,
				D5A468032012B4E7006AAB58 /* BitcoinRateAPI.swift */,
			);
			path = Service;
			sourceTree = "<group>";
		};
		D5A468052012B501006AAB58 /* WebClient */ = {
			isa = PBXGroup;
			children = (
				D5A4680C2012BCC3006AAB58 /* BitcoinAPIClient.swift */,
				D5A468082012B535006AAB58 /* BitcoinEndpoint.URLEndpoint.swift */,
				D5A468062012B521006AAB58 /* URLEndpoint.swift */,
			);
			path = WebClient;
			sourceTree = "<group>";
		};
		D5A468102012C297006AAB58 /* Json */ = {
			isa = PBXGroup;
			children = (
				D5A468112012C2A3006AAB58 /* JsonParser.swift */,
			);
			path = Json;
			sourceTree = "<group>";
		};
		D5A468132012C2C1006AAB58 /* Json */ = {
			isa = PBXGroup;
			children = (
				D5A468142012C2CE006AAB58 /* JsonParserTests.swift */,
			);
			path = Json;
			sourceTree = "<group>";
		};
		D5A468162012C8CB006AAB58 /* Model */ = {
			isa = PBXGroup;
			children = (
				D5A4687020137DD0006AAB58 /* BitcoinHistoricalRate.swift */,
				D53930072013E3B200C8D658 /* BitcoinRealTimeRate.swift */,
				D5A468192012C92B006AAB58 /* Currency.swift */,
				D5A4681D2012C955006AAB58 /* HistoricalResponse.swift */,
				D5A4681B2012C947006AAB58 /* Rate.swift */,
				D5A468172012C8F7006AAB58 /* RealTimeResponse.swift */,
				D5A468212012C9A9006AAB58 /* Serialization */,
			);
			path = Model;
			sourceTree = "<group>";
		};
		D5A468212012C9A9006AAB58 /* Serialization */ = {
			isa = PBXGroup;
			children = (
				D5A468242012CA08006AAB58 /* HistoricalResponse.Codable.swift */,
				D5A468222012C9CB006AAB58 /* RealTimeResponse.Codable.swift */,
			);
			path = Serialization;
			sourceTree = "<group>";
		};
		D5A468262012CB59006AAB58 /* Model */ = {
			isa = PBXGroup;
			children = (
				D5A468292012D09D006AAB58 /* Serialization */,
				D5A468272012CB68006AAB58 /* ModelTests.swift */,
			);
			path = Model;
			sourceTree = "<group>";
		};
		D5A468292012D09D006AAB58 /* Serialization */ = {
			isa = PBXGroup;
			children = (
				D5A4682A2012D0B8006AAB58 /* ModelSerializationTests.swift */,
			);
			path = Serialization;
			sourceTree = "<group>";
		};
		D5A4682C20135AFC006AAB58 /* State */ = {
			isa = PBXGroup;
			children = (
				D5A4682D20135B0D006AAB58 /* Action */,
				D5A4682E20135B17006AAB58 /* Reducer */,
				D5A4683220135BFB006AAB58 /* StateProvider.swift */,
				D5A4683020135BC8006AAB58 /* Store.swift */,
				D5A4683420135C49006AAB58 /* AppState.swift */,
				D5A4686E20137D23006AAB58 /* BitcoinState.swift */,
				D5A4683C20135DD4006AAB58 /* NavigationState.swift */,
				D5A4683E20135DED006AAB58 /* NavigationRoute.swift */,
				D5A4684020135E14006AAB58 /* NavigationTree.swift */,
				D5A4685420136AFE006AAB58 /* KnownRoute.swift */,
			);
			path = State;
			sourceTree = "<group>";
		};
		D5A4682D20135B0D006AAB58 /* Action */ = {
			isa = PBXGroup;
			children = (
				D5A4685620136D39006AAB58 /* Async */,
				D5A4687420138B02006AAB58 /* BitcoinRateAction.swift */,
				D5A4684220135F96006AAB58 /* RouterAction.swift */,
			);
			path = Action;
			sourceTree = "<group>";
		};
		D5A4682E20135B17006AAB58 /* Reducer */ = {
			isa = PBXGroup;
			children = (
				D5A4687820139E2C006AAB58 /* BitcoinRateReducer.swift */,
				D5A4683620135C79006AAB58 /* EntryPointReducer.swift */,
				D5A4683A20135D6F006AAB58 /* RouterReducer.swift */,
			);
			path = Reducer;
			sourceTree = "<group>";
		};
		D5A468442013664D006AAB58 /* DependencyInjection */ = {
			isa = PBXGroup;
			children = (
				D5A4684D2013675F006AAB58 /* DefaultMapResolver.swift */,
				D5A468502013684E006AAB58 /* InjectorServices.swift */,
			);
			path = DependencyInjection;
			sourceTree = "<group>";
		};
		D5A4684F201367C0006AAB58 /* DependencyInjection */ = {
			isa = PBXGroup;
			children = (
				D5A4684B201366EE006AAB58 /* ConstructorType.swift */,
				D5A46847201366A3006AAB58 /* Injector.swift */,
				D5A4684520136664006AAB58 /* InjectorProtocol.swift */,
				D5A46849201366D3006AAB58 /* Mapper.swift */,
			);
			path = DependencyInjection;
			sourceTree = "<group>";
		};
		D5A4685620136D39006AAB58 /* Async */ = {
			isa = PBXGroup;
			children = (
				D5A4687220138777006AAB58 /* BitcoinRateRequest.swift */,
				D5A4685720136D68006AAB58 /* BootstrapRequest.swift */,
				D5A4685220136ABF006AAB58 /* NavigationActionRequest.swift */,
			);
			path = Async;
			sourceTree = "<group>";
		};
		D5A4685B20136EC2006AAB58 /* UI */ = {
			isa = PBXGroup;
			children = (
				D5A46864201370B6006AAB58 /* HistoricalDataSource.swift */,
				D5A4686A201377D1006AAB58 /* HistoricalRecordTableViewCell.swift */,
				D5A4686C201377F7006AAB58 /* HistoricalRecordTableViewCell.xib */,
				D5A4685E20136F35006AAB58 /* HistoricalView.swift */,
				D5A4685C20136F25006AAB58 /* HistoricalView.xib */,
				D5A4686020136F5F006AAB58 /* HistoricalViewController.swift */,
				D5A4686620137201006AAB58 /* HistoricalViewModel.swift */,
			);
			path = UI;
			sourceTree = "<group>";
		};
		D5F6CD792013B7210005E972 /* Bootstrap */ = {
			isa = PBXGroup;
			children = (
				D5F6CD7A2013B7450005E972 /* AppDelegateTests.swift */,
				D5F6CD892013D5B20005E972 /* ThemeTests.swift */,
			);
			path = Bootstrap;
			sourceTree = "<group>";
		};
		D5F6CD822013CC860005E972 /* TestHelper */ = {
			isa = PBXGroup;
			children = (
				D539300E2013F04B00C8D658 /* Mocks.swift */,
				D5F6CD832013CC9A0005E972 /* UnitTest.swift */,
			);
			path = TestHelper;
			sourceTree = "<group>";
		};
/* End PBXGroup section */

/* Begin PBXNativeTarget section */
		D5A4679C20129459006AAB58 /* N26 */ = {
			isa = PBXNativeTarget;
			buildConfigurationList = D5A467BA20129459006AAB58 /* Build configuration list for PBXNativeTarget "N26" */;
			buildPhases = (
				D5A4679920129459006AAB58 /* Sources */,
				D5A4679A20129459006AAB58 /* Frameworks */,
				D5A4679B20129459006AAB58 /* Resources */,
			);
			buildRules = (
			);
			dependencies = (
			);
			name = N26;
			productName = N26;
			productReference = D5A4679D20129459006AAB58 /* N26.app */;
			productType = "com.apple.product-type.application";
		};
		D5A467B020129459006AAB58 /* N26Tests */ = {
			isa = PBXNativeTarget;
			buildConfigurationList = D5A467BD20129459006AAB58 /* Build configuration list for PBXNativeTarget "N26Tests" */;
			buildPhases = (
				D5A467AD20129459006AAB58 /* Sources */,
				D5A467AE20129459006AAB58 /* Frameworks */,
				D5A467AF20129459006AAB58 /* Resources */,
			);
			buildRules = (
			);
			dependencies = (
				D5A467B320129459006AAB58 /* PBXTargetDependency */,
			);
			name = N26Tests;
			productName = N26Tests;
			productReference = D5A467B120129459006AAB58 /* N26Tests.xctest */;
			productType = "com.apple.product-type.bundle.unit-test";
		};
/* End PBXNativeTarget section */

/* Begin PBXProject section */
		D5A4679520129459006AAB58 /* Project object */ = {
			isa = PBXProject;
			attributes = {
				LastSwiftUpdateCheck = 0920;
				LastUpgradeCheck = 0920;
				ORGANIZATIONNAME = "Luiz Rodrigo Martins Barbosa";
				TargetAttributes = {
					D5A4679C20129459006AAB58 = {
						CreatedOnToolsVersion = 9.2;
						ProvisioningStyle = Automatic;
					};
					D5A467B020129459006AAB58 = {
						CreatedOnToolsVersion = 9.2;
						ProvisioningStyle = Automatic;
						TestTargetID = D5A4679C20129459006AAB58;
					};
				};
			};
			buildConfigurationList = D5A4679820129459006AAB58 /* Build configuration list for PBXProject "N26" */;
			compatibilityVersion = "Xcode 8.0";
			developmentRegion = en;
			hasScannedForEncodings = 0;
			knownRegions = (
				en,
				Base,
			);
			mainGroup = D5A4679420129459006AAB58;
			productRefGroup = D5A4679E20129459006AAB58 /* Products */;
			projectDirPath = "";
			projectRoot = "";
			targets = (
				D5A4679C20129459006AAB58 /* N26 */,
				D5A467B020129459006AAB58 /* N26Tests */,
			);
		};
/* End PBXProject section */

/* Begin PBXResourcesBuildPhase section */
		D5A4679B20129459006AAB58 /* Resources */ = {
			isa = PBXResourcesBuildPhase;
			buildActionMask = 2147483647;
			files = (
				D5A4685D20136F25006AAB58 /* HistoricalView.xib in Resources */,
				D5A4687720139CCA006AAB58 /* SplashView.xib in Resources */,
				D5A4686D201377F7006AAB58 /* HistoricalRecordTableViewCell.xib in Resources */,
				D5A467A820129459006AAB58 /* Assets.xcassets in Resources */,
			);
			runOnlyForDeploymentPostprocessing = 0;
		};
		D5A467AF20129459006AAB58 /* Resources */ = {
			isa = PBXResourcesBuildPhase;
			buildActionMask = 2147483647;
			files = (
			);
			runOnlyForDeploymentPostprocessing = 0;
		};
/* End PBXResourcesBuildPhase section */

/* Begin PBXSourcesBuildPhase section */
		D5A4679920129459006AAB58 /* Sources */ = {
			isa = PBXSourcesBuildPhase;
			buildActionMask = 2147483647;
			files = (
				D5A4683120135BC8006AAB58 /* Store.swift in Sources */,
				D5A4680D2012BCC3006AAB58 /* BitcoinAPIClient.swift in Sources */,
				D5A467D520129711006AAB58 /* UIWindowEx.swift in Sources */,
				D5A4687320138777006AAB58 /* BitcoinRateRequest.swift in Sources */,
				D5A468512013684E006AAB58 /* InjectorServices.swift in Sources */,
				D5A468232012C9CB006AAB58 /* RealTimeResponse.Codable.swift in Sources */,
				D5A468202012C97E006AAB58 /* DateEx.swift in Sources */,
				D5A467D620129711006AAB58 /* UIViewControllerEx.swift in Sources */,
				D5A46865201370B6006AAB58 /* HistoricalDataSource.swift in Sources */,
				D5A4681C2012C947006AAB58 /* Rate.swift in Sources */,
				D5A467EA20129737006AAB58 /* SyncableResult.swift in Sources */,
				D5A4684E2013675F006AAB58 /* DefaultMapResolver.swift in Sources */,
				D5A467ED20129737006AAB58 /* ConfigurableCell.swift in Sources */,
				D5A4687120137DD0006AAB58 /* BitcoinHistoricalRate.swift in Sources */,
				D5A4683D20135DD4006AAB58 /* NavigationState.swift in Sources */,
				D5A4686320137055006AAB58 /* Startable.swift in Sources */,
				D5A4681E2012C955006AAB58 /* HistoricalResponse.swift in Sources */,
				D5A4681A2012C92B006AAB58 /* Currency.swift in Sources */,
				D5A4683B20135D6F006AAB58 /* RouterReducer.swift in Sources */,
				D5A467D420129711006AAB58 /* URLSessionTask+CancelableTask.swift in Sources */,
				D5A4685F20136F35006AAB58 /* HistoricalView.swift in Sources */,
				D5A468022012B4CE006AAB58 /* BitcoinEndpoint.swift in Sources */,
				D5A467EC20129737006AAB58 /* Atomic.swift in Sources */,
				D5A4685520136AFE006AAB58 /* KnownRoute.swift in Sources */,
				D5A4683320135BFB006AAB58 /* StateProvider.swift in Sources */,
				D5A4684C201366EE006AAB58 /* ConstructorType.swift in Sources */,
				D5A468122012C2A3006AAB58 /* JsonParser.swift in Sources */,
				D5A4687920139E2C006AAB58 /* BitcoinRateReducer.swift in Sources */,
				D5A467C6201295D2006AAB58 /* ActionAsync.swift in Sources */,
				D5A4686720137201006AAB58 /* HistoricalViewModel.swift in Sources */,
				D5A467E920129737006AAB58 /* Disposable.swift in Sources */,
				D5A46869201374FB006AAB58 /* ArrayEx.swift in Sources */,
				D5A467A120129459006AAB58 /* AppDelegate.swift in Sources */,
				D5A467E720129737006AAB58 /* Result.swift in Sources */,
				D5A467D220129711006AAB58 /* UICollectionReusableViewEx.swift in Sources */,
				D5A467D320129711006AAB58 /* UIViewEx.swift in Sources */,
				D5A4685820136D68006AAB58 /* BootstrapRequest.swift in Sources */,
				D5A4687520138B02006AAB58 /* BitcoinRateAction.swift in Sources */,
				D5A4684320135F96006AAB58 /* RouterAction.swift in Sources */,
				D5A468182012C8F7006AAB58 /* RealTimeResponse.swift in Sources */,
				D5A467C8201295D2006AAB58 /* StoreBase.swift in Sources */,
				D5A467C9201295D2006AAB58 /* Action.swift in Sources */,
				D5A468092012B535006AAB58 /* BitcoinEndpoint.URLEndpoint.swift in Sources */,
				D5A4684620136664006AAB58 /* InjectorProtocol.swift in Sources */,
				D5A467EB20129737006AAB58 /* Async.swift in Sources */,
				D5A468072012B521006AAB58 /* URLEndpoint.swift in Sources */,
				D5A4683720135C79006AAB58 /* EntryPointReducer.swift in Sources */,
				D5A467FF2012B495006AAB58 /* URLRequest.swift in Sources */,
				D5A468042012B4E8006AAB58 /* BitcoinRateAPI.swift in Sources */,
				D5A4684120135E14006AAB58 /* NavigationTree.swift in Sources */,
				D5A4686B201377D1006AAB58 /* HistoricalRecordTableViewCell.swift in Sources */,
				D5A4683520135C49006AAB58 /* AppState.swift in Sources */,
				D5A467C7201295D2006AAB58 /* Reducer.swift in Sources */,
				D5A467D720129711006AAB58 /* UITableViewCellEx.swift in Sources */,
				D5A4685A20136DE7006AAB58 /* Theme.swift in Sources */,
				D5A467E520129737006AAB58 /* CancelableTask.swift in Sources */,
				D5A4684A201366D3006AAB58 /* Mapper.swift in Sources */,
				D5A46848201366A3006AAB58 /* Injector.swift in Sources */,
				D53930082013E3B200C8D658 /* BitcoinRealTimeRate.swift in Sources */,
				D5A4683F20135DED006AAB58 /* NavigationRoute.swift in Sources */,
				D5A4686120136F5F006AAB58 /* HistoricalViewController.swift in Sources */,
				D5A467E820129737006AAB58 /* SignalProtocol.swift in Sources */,
				D5A4685320136ABF006AAB58 /* NavigationActionRequest.swift in Sources */,
				D5F6CD882013CF2C0005E972 /* main.swift in Sources */,
				D5A468252012CA08006AAB58 /* HistoricalResponse.Codable.swift in Sources */,
				D5A4686F20137D23006AAB58 /* BitcoinState.swift in Sources */,
				D5A467EE20129737006AAB58 /* Signal.swift in Sources */,
			);
			runOnlyForDeploymentPostprocessing = 0;
		};
		D5A467AD20129459006AAB58 /* Sources */ = {
			isa = PBXSourcesBuildPhase;
			buildActionMask = 2147483647;
			files = (
				D5F6CD7B2013B7450005E972 /* AppDelegateTests.swift in Sources */,
				D5A467F12012A079006AAB58 /* CocoaExTests.swift in Sources */,
				D5A4680B2012B789006AAB58 /* BitcoinEndpointTests.swift in Sources */,
				D5A4680F2012BD51006AAB58 /* IntegrationBitcoinAPIClientTests.swift in Sources */,
				D5A468282012CB68006AAB58 /* ModelTests.swift in Sources */,
				D5F6CD8A2013D5B20005E972 /* ThemeTests.swift in Sources */,
				D5A467F32012A673006AAB58 /* DataStructureTests.swift in Sources */,
				D5F6CD842013CC9A0005E972 /* UnitTest.swift in Sources */,
				D5A4682B2012D0B8006AAB58 /* ModelSerializationTests.swift in Sources */,
				D5393011201405CB00C8D658 /* RouterReducerTests.swift in Sources */,
				D5A468152012C2CE006AAB58 /* JsonParserTests.swift in Sources */,
				D539300D2013EAB300C8D658 /* BitcoinRateReducerTests.swift in Sources */,
				D539300F2013F04B00C8D658 /* Mocks.swift in Sources */,
			);
			runOnlyForDeploymentPostprocessing = 0;
		};
/* End PBXSourcesBuildPhase section */

/* Begin PBXTargetDependency section */
		D5A467B320129459006AAB58 /* PBXTargetDependency */ = {
			isa = PBXTargetDependency;
			target = D5A4679C20129459006AAB58 /* N26 */;
			targetProxy = D5A467B220129459006AAB58 /* PBXContainerItemProxy */;
		};
/* End PBXTargetDependency section */

/* Begin XCBuildConfiguration section */
		D5A467B820129459006AAB58 /* Debug */ = {
			isa = XCBuildConfiguration;
			buildSettings = {
				ALWAYS_SEARCH_USER_PATHS = NO;
				CLANG_ANALYZER_NONNULL = YES;
				CLANG_ANALYZER_NUMBER_OBJECT_CONVERSION = YES_AGGRESSIVE;
				CLANG_CXX_LANGUAGE_STANDARD = "gnu++14";
				CLANG_CXX_LIBRARY = "libc++";
				CLANG_ENABLE_MODULES = YES;
				CLANG_ENABLE_OBJC_ARC = YES;
				CLANG_WARN_BLOCK_CAPTURE_AUTORELEASING = YES;
				CLANG_WARN_BOOL_CONVERSION = YES;
				CLANG_WARN_COMMA = YES;
				CLANG_WARN_CONSTANT_CONVERSION = YES;
				CLANG_WARN_DIRECT_OBJC_ISA_USAGE = YES_ERROR;
				CLANG_WARN_DOCUMENTATION_COMMENTS = YES;
				CLANG_WARN_EMPTY_BODY = YES;
				CLANG_WARN_ENUM_CONVERSION = YES;
				CLANG_WARN_INFINITE_RECURSION = YES;
				CLANG_WARN_INT_CONVERSION = YES;
				CLANG_WARN_NON_LITERAL_NULL_CONVERSION = YES;
				CLANG_WARN_OBJC_LITERAL_CONVERSION = YES;
				CLANG_WARN_OBJC_ROOT_CLASS = YES_ERROR;
				CLANG_WARN_RANGE_LOOP_ANALYSIS = YES;
				CLANG_WARN_STRICT_PROTOTYPES = YES;
				CLANG_WARN_SUSPICIOUS_MOVE = YES;
				CLANG_WARN_UNGUARDED_AVAILABILITY = YES_AGGRESSIVE;
				CLANG_WARN_UNREACHABLE_CODE = YES;
				CLANG_WARN__DUPLICATE_METHOD_MATCH = YES;
				CODE_SIGN_IDENTITY = "iPhone Developer";
				COPY_PHASE_STRIP = NO;
				DEBUG_INFORMATION_FORMAT = dwarf;
				ENABLE_STRICT_OBJC_MSGSEND = YES;
				ENABLE_TESTABILITY = YES;
				GCC_C_LANGUAGE_STANDARD = gnu11;
				GCC_DYNAMIC_NO_PIC = NO;
				GCC_NO_COMMON_BLOCKS = YES;
				GCC_OPTIMIZATION_LEVEL = 0;
				GCC_PREPROCESSOR_DEFINITIONS = (
					"DEBUG=1",
					"$(inherited)",
					"TESTING=0",
				);
				GCC_WARN_64_TO_32_BIT_CONVERSION = YES;
				GCC_WARN_ABOUT_RETURN_TYPE = YES_ERROR;
				GCC_WARN_UNDECLARED_SELECTOR = YES;
				GCC_WARN_UNINITIALIZED_AUTOS = YES_AGGRESSIVE;
				GCC_WARN_UNUSED_FUNCTION = YES;
				GCC_WARN_UNUSED_VARIABLE = YES;
				IPHONEOS_DEPLOYMENT_TARGET = 11.2;
				MTL_ENABLE_DEBUG_INFO = YES;
				ONLY_ACTIVE_ARCH = YES;
				SDKROOT = iphoneos;
				SWIFT_ACTIVE_COMPILATION_CONDITIONS = DEBUG;
				SWIFT_OPTIMIZATION_LEVEL = "-Onone";
			};
			name = Debug;
		};
		D5A467B920129459006AAB58 /* Release */ = {
			isa = XCBuildConfiguration;
			buildSettings = {
				ALWAYS_SEARCH_USER_PATHS = NO;
				CLANG_ANALYZER_NONNULL = YES;
				CLANG_ANALYZER_NUMBER_OBJECT_CONVERSION = YES_AGGRESSIVE;
				CLANG_CXX_LANGUAGE_STANDARD = "gnu++14";
				CLANG_CXX_LIBRARY = "libc++";
				CLANG_ENABLE_MODULES = YES;
				CLANG_ENABLE_OBJC_ARC = YES;
				CLANG_WARN_BLOCK_CAPTURE_AUTORELEASING = YES;
				CLANG_WARN_BOOL_CONVERSION = YES;
				CLANG_WARN_COMMA = YES;
				CLANG_WARN_CONSTANT_CONVERSION = YES;
				CLANG_WARN_DIRECT_OBJC_ISA_USAGE = YES_ERROR;
				CLANG_WARN_DOCUMENTATION_COMMENTS = YES;
				CLANG_WARN_EMPTY_BODY = YES;
				CLANG_WARN_ENUM_CONVERSION = YES;
				CLANG_WARN_INFINITE_RECURSION = YES;
				CLANG_WARN_INT_CONVERSION = YES;
				CLANG_WARN_NON_LITERAL_NULL_CONVERSION = YES;
				CLANG_WARN_OBJC_LITERAL_CONVERSION = YES;
				CLANG_WARN_OBJC_ROOT_CLASS = YES_ERROR;
				CLANG_WARN_RANGE_LOOP_ANALYSIS = YES;
				CLANG_WARN_STRICT_PROTOTYPES = YES;
				CLANG_WARN_SUSPICIOUS_MOVE = YES;
				CLANG_WARN_UNGUARDED_AVAILABILITY = YES_AGGRESSIVE;
				CLANG_WARN_UNREACHABLE_CODE = YES;
				CLANG_WARN__DUPLICATE_METHOD_MATCH = YES;
				CODE_SIGN_IDENTITY = "iPhone Developer";
				COPY_PHASE_STRIP = NO;
				DEBUG_INFORMATION_FORMAT = "dwarf-with-dsym";
				ENABLE_NS_ASSERTIONS = NO;
				ENABLE_STRICT_OBJC_MSGSEND = YES;
				GCC_C_LANGUAGE_STANDARD = gnu11;
				GCC_NO_COMMON_BLOCKS = YES;
				GCC_WARN_64_TO_32_BIT_CONVERSION = YES;
				GCC_WARN_ABOUT_RETURN_TYPE = YES_ERROR;
				GCC_WARN_UNDECLARED_SELECTOR = YES;
				GCC_WARN_UNINITIALIZED_AUTOS = YES_AGGRESSIVE;
				GCC_WARN_UNUSED_FUNCTION = YES;
				GCC_WARN_UNUSED_VARIABLE = YES;
				IPHONEOS_DEPLOYMENT_TARGET = 11.2;
				MTL_ENABLE_DEBUG_INFO = NO;
				SDKROOT = iphoneos;
				SWIFT_ACTIVE_COMPILATION_CONDITIONS = "";
				SWIFT_OPTIMIZATION_LEVEL = "-Owholemodule";
				VALIDATE_PRODUCT = YES;
			};
			name = Release;
		};
		D5A467BB20129459006AAB58 /* Debug */ = {
			isa = XCBuildConfiguration;
			buildSettings = {
				ASSETCATALOG_COMPILER_APPICON_NAME = AppIcon;
				CODE_SIGN_STYLE = Automatic;
				DEVELOPMENT_TEAM = 7BK8NL3DYL;
				GCC_PREPROCESSOR_DEFINITIONS = "$(inherited)";
				INFOPLIST_FILE = "$(SRCROOT)/N26/Bootstrap/Info.plist";
				LD_RUNPATH_SEARCH_PATHS = "$(inherited) @executable_path/Frameworks";
				PRODUCT_BUNDLE_IDENTIFIER = de.developercity.N26;
				PRODUCT_NAME = "$(TARGET_NAME)";
				SWIFT_VERSION = 4.0;
				TARGETED_DEVICE_FAMILY = "1,2";
			};
			name = Debug;
		};
		D5A467BC20129459006AAB58 /* Release */ = {
			isa = XCBuildConfiguration;
			buildSettings = {
				ASSETCATALOG_COMPILER_APPICON_NAME = AppIcon;
				CODE_SIGN_STYLE = Automatic;
				DEVELOPMENT_TEAM = 7BK8NL3DYL;
				INFOPLIST_FILE = "$(SRCROOT)/N26/Bootstrap/Info.plist";
				LD_RUNPATH_SEARCH_PATHS = "$(inherited) @executable_path/Frameworks";
				PRODUCT_BUNDLE_IDENTIFIER = de.developercity.N26;
				PRODUCT_NAME = "$(TARGET_NAME)";
				SWIFT_VERSION = 4.0;
				TARGETED_DEVICE_FAMILY = "1,2";
			};
			name = Release;
		};
		D5A467BE20129459006AAB58 /* Debug */ = {
			isa = XCBuildConfiguration;
			buildSettings = {
				ALWAYS_EMBED_SWIFT_STANDARD_LIBRARIES = YES;
				BUNDLE_LOADER = "$(TEST_HOST)";
				CODE_SIGN_STYLE = Automatic;
				DEVELOPMENT_TEAM = 7BK8NL3DYL;
				GCC_PREPROCESSOR_DEFINITIONS = "$(inherited)";
				INFOPLIST_FILE = N26Tests/Info.plist;
				LD_RUNPATH_SEARCH_PATHS = "$(inherited) @executable_path/Frameworks @loader_path/Frameworks";
				PRODUCT_BUNDLE_IDENTIFIER = de.developercity.N26Tests;
				PRODUCT_NAME = "$(TARGET_NAME)";
				SWIFT_VERSION = 4.0;
				TARGETED_DEVICE_FAMILY = "1,2";
				TEST_HOST = "$(BUILT_PRODUCTS_DIR)/N26.app/N26";
			};
			name = Debug;
		};
		D5A467BF20129459006AAB58 /* Release */ = {
			isa = XCBuildConfiguration;
			buildSettings = {
				ALWAYS_EMBED_SWIFT_STANDARD_LIBRARIES = YES;
				BUNDLE_LOADER = "$(TEST_HOST)";
				CODE_SIGN_STYLE = Automatic;
				DEVELOPMENT_TEAM = 7BK8NL3DYL;
				GCC_PREPROCESSOR_DEFINITIONS = "";
				INFOPLIST_FILE = N26Tests/Info.plist;
				LD_RUNPATH_SEARCH_PATHS = "$(inherited) @executable_path/Frameworks @loader_path/Frameworks";
				PRODUCT_BUNDLE_IDENTIFIER = de.developercity.N26Tests;
				PRODUCT_NAME = "$(TARGET_NAME)";
				SWIFT_VERSION = 4.0;
				TARGETED_DEVICE_FAMILY = "1,2";
				TEST_HOST = "$(BUILT_PRODUCTS_DIR)/N26.app/N26";
			};
			name = Release;
		};
		D5F6CD7F2013C4DA0005E972 /* Testing */ = {
			isa = XCBuildConfiguration;
			buildSettings = {
				ALWAYS_SEARCH_USER_PATHS = NO;
				CLANG_ANALYZER_NONNULL = YES;
				CLANG_ANALYZER_NUMBER_OBJECT_CONVERSION = YES_AGGRESSIVE;
				CLANG_CXX_LANGUAGE_STANDARD = "gnu++14";
				CLANG_CXX_LIBRARY = "libc++";
				CLANG_ENABLE_MODULES = YES;
				CLANG_ENABLE_OBJC_ARC = YES;
				CLANG_WARN_BLOCK_CAPTURE_AUTORELEASING = YES;
				CLANG_WARN_BOOL_CONVERSION = YES;
				CLANG_WARN_COMMA = YES;
				CLANG_WARN_CONSTANT_CONVERSION = YES;
				CLANG_WARN_DIRECT_OBJC_ISA_USAGE = YES_ERROR;
				CLANG_WARN_DOCUMENTATION_COMMENTS = YES;
				CLANG_WARN_EMPTY_BODY = YES;
				CLANG_WARN_ENUM_CONVERSION = YES;
				CLANG_WARN_INFINITE_RECURSION = YES;
				CLANG_WARN_INT_CONVERSION = YES;
				CLANG_WARN_NON_LITERAL_NULL_CONVERSION = YES;
				CLANG_WARN_OBJC_LITERAL_CONVERSION = YES;
				CLANG_WARN_OBJC_ROOT_CLASS = YES_ERROR;
				CLANG_WARN_RANGE_LOOP_ANALYSIS = YES;
				CLANG_WARN_STRICT_PROTOTYPES = YES;
				CLANG_WARN_SUSPICIOUS_MOVE = YES;
				CLANG_WARN_UNGUARDED_AVAILABILITY = YES_AGGRESSIVE;
				CLANG_WARN_UNREACHABLE_CODE = YES;
				CLANG_WARN__DUPLICATE_METHOD_MATCH = YES;
				CODE_SIGN_IDENTITY = "iPhone Developer";
				COPY_PHASE_STRIP = NO;
				DEBUG_INFORMATION_FORMAT = dwarf;
				ENABLE_STRICT_OBJC_MSGSEND = YES;
				ENABLE_TESTABILITY = YES;
				GCC_C_LANGUAGE_STANDARD = gnu11;
				GCC_DYNAMIC_NO_PIC = NO;
				GCC_NO_COMMON_BLOCKS = YES;
				GCC_OPTIMIZATION_LEVEL = 0;
				GCC_PREPROCESSOR_DEFINITIONS = (
					"DEBUG=1",
					"$(inherited)",
					"TESTING=1",
				);
				GCC_WARN_64_TO_32_BIT_CONVERSION = YES;
				GCC_WARN_ABOUT_RETURN_TYPE = YES_ERROR;
				GCC_WARN_UNDECLARED_SELECTOR = YES;
				GCC_WARN_UNINITIALIZED_AUTOS = YES_AGGRESSIVE;
				GCC_WARN_UNUSED_FUNCTION = YES;
				GCC_WARN_UNUSED_VARIABLE = YES;
				IPHONEOS_DEPLOYMENT_TARGET = 11.2;
				MTL_ENABLE_DEBUG_INFO = YES;
				ONLY_ACTIVE_ARCH = YES;
				OTHER_SWIFT_FLAGS = "-DTESTING";
				SDKROOT = iphoneos;
				SWIFT_ACTIVE_COMPILATION_CONDITIONS = DEBUG;
				SWIFT_OPTIMIZATION_LEVEL = "-Onone";
			};
			name = Testing;
		};
		D5F6CD802013C4DA0005E972 /* Testing */ = {
			isa = XCBuildConfiguration;
			buildSettings = {
				ASSETCATALOG_COMPILER_APPICON_NAME = AppIcon;
				CODE_SIGN_STYLE = Automatic;
				DEVELOPMENT_TEAM = 7BK8NL3DYL;
				GCC_PREPROCESSOR_DEFINITIONS = "$(inherited)";
				INFOPLIST_FILE = "$(SRCROOT)/N26/Bootstrap/Info.plist";
				LD_RUNPATH_SEARCH_PATHS = "$(inherited) @executable_path/Frameworks";
				PRODUCT_BUNDLE_IDENTIFIER = de.developercity.N26;
				PRODUCT_NAME = "$(TARGET_NAME)";
				SWIFT_VERSION = 4.0;
				TARGETED_DEVICE_FAMILY = "1,2";
			};
			name = Testing;
		};
		D5F6CD812013C4DA0005E972 /* Testing */ = {
			isa = XCBuildConfiguration;
			buildSettings = {
				ALWAYS_EMBED_SWIFT_STANDARD_LIBRARIES = YES;
				BUNDLE_LOADER = "$(TEST_HOST)";
				CODE_SIGN_STYLE = Automatic;
				DEVELOPMENT_TEAM = 7BK8NL3DYL;
				GCC_PREPROCESSOR_DEFINITIONS = "$(inherited)";
				INFOPLIST_FILE = N26Tests/Info.plist;
				LD_RUNPATH_SEARCH_PATHS = "$(inherited) @executable_path/Frameworks @loader_path/Frameworks";
				PRODUCT_BUNDLE_IDENTIFIER = de.developercity.N26Tests;
				PRODUCT_NAME = "$(TARGET_NAME)";
				SWIFT_VERSION = 4.0;
				TARGETED_DEVICE_FAMILY = "1,2";
				TEST_HOST = "$(BUILT_PRODUCTS_DIR)/N26.app/N26";
			};
			name = Testing;
		};
/* End XCBuildConfiguration section */

/* Begin XCConfigurationList section */
		D5A4679820129459006AAB58 /* Build configuration list for PBXProject "N26" */ = {
			isa = XCConfigurationList;
			buildConfigurations = (
				D5A467B820129459006AAB58 /* Debug */,
				D5F6CD7F2013C4DA0005E972 /* Testing */,
				D5A467B920129459006AAB58 /* Release */,
			);
			defaultConfigurationIsVisible = 0;
			defaultConfigurationName = Release;
		};
		D5A467BA20129459006AAB58 /* Build configuration list for PBXNativeTarget "N26" */ = {
			isa = XCConfigurationList;
			buildConfigurations = (
				D5A467BB20129459006AAB58 /* Debug */,
				D5F6CD802013C4DA0005E972 /* Testing */,
				D5A467BC20129459006AAB58 /* Release */,
			);
			defaultConfigurationIsVisible = 0;
			defaultConfigurationName = Release;
		};
		D5A467BD20129459006AAB58 /* Build configuration list for PBXNativeTarget "N26Tests" */ = {
			isa = XCConfigurationList;
			buildConfigurations = (
				D5A467BE20129459006AAB58 /* Debug */,
				D5F6CD812013C4DA0005E972 /* Testing */,
				D5A467BF20129459006AAB58 /* Release */,
			);
			defaultConfigurationIsVisible = 0;
			defaultConfigurationName = Release;
		};
/* End XCConfigurationList section */
	};
	rootObject = D5A4679520129459006AAB58 /* Project object */;
}
